{
    "name": "exampleapp",
    "version": "0.0.0",
    "lockfileVersion": 1,
    "requires": true,
    "dependencies": {
        "cron-parser": {
            "version": "0.7.0",
            "resolved": "https://registry.npmjs.org/cron-parser/-/cron-parser-0.7.0.tgz",
            "integrity": "sha1-Np0Y7Ni++CHebfPM3R5teENvffY="
        },
        "lodash": {
            "version": "4.17.4",
            "resolved": "https://registry.npmjs.org/lodash/-/lodash-4.17.4.tgz",
            "integrity": "sha1-eCA6TRwyiuHYbcpkYONptX9AVa4="
        },
        "long-timeout": {
            "version": "0.0.2",
            "resolved": "https://registry.npmjs.org/long-timeout/-/long-timeout-0.0.2.tgz",
            "integrity": "sha1-82RJuolinROnorJSOk253Wbj/2g="
        },
        "mydigitalstructure": {
            "version": "0.4.0",
            "resolved": "https://registry.npmjs.org/mydigitalstructure/-/mydigitalstructure-0.4.0.tgz",
            "integrity": "sha512-L3f9XWrgjWZufx7s3UTCG78r4Z5GJFRd9ze92QmVMCgox4ind5N951VWnG753ibRxpUp51dVnus18ZpF+Lg5eA==",
            "requires": {
                "lodash": "4.17.4"
            }
        },
        "node-schedule": {
            "version": "0.2.9",
            "resolved": "https://registry.npmjs.org/node-schedule/-/node-schedule-0.2.9.tgz",
            "integrity": "sha1-Ud90Pf6HSF2RFBKH1JyFHtBY+OU=",
            "requires": {
                "cron-parser": "0.6.2",
                "long-timeout": "0.0.2"
            },
            "dependencies": {
                "cron-parser": {
                    "version": "0.6.2",
                    "resolved": "https://registry.npmjs.org/cron-parser/-/cron-parser-0.6.2.tgz",
                    "integrity": "sha1-7m41sYl62DHAZcYCa1fI2L+JEx8="
                }
            }
        }
    }
}
